{
  "name": "@silverassist/copilot-prompts-kit",
  "version": "1.0.0",
  "lockfileVersion": 3,
  "requires": true,
  "packages": {
    "": {
      "name": "@silverassist/copilot-prompts-kit",
      "version": "1.0.0",
      "license": "PolyForm-Noncommercial-1.0.0",
      "bin": {
        "copilot-prompts": "bin/cli.js"
      },
      "engines": {
        "node": ">=18.0.0"
      }
    }
  }
}
